// !$*UTF8*$!
{
	archiveVersion = 1;
	classes = {
	};
	objectVersion = 77;
	objects = {

/* Begin PBXBuildFile section */
		D88306882CCE112100E9BC20 /* MarkdownUI in Frameworks */ = {isa = PBXBuildFile; productRef = D88306872CCE112100E9BC20 /* MarkdownUI */; };
		D88306962CCE333A00E9BC20 /* Splash in Frameworks */ = {isa = PBXBuildFile; productRef = D88306952CCE333A00E9BC20 /* Splash */; };
		D89B094F2CD66CBF009AFA62 /* HighlightSwift in Frameworks */ = {isa = PBXBuildFile; productRef = D89B094E2CD66CBF009AFA62 /* HighlightSwift */; };
/* End PBXBuildFile section */

/* Begin PBXContainerItemProxy section */
		D8FC98B72CCCCD1B00134A44 /* PBXContainerItemProxy */ = {
			isa = PBXContainerItemProxy;
			containerPortal = D8FC989B2CCCCD1A00134A44 /* Project object */;
			proxyType = 1;
			remoteGlobalIDString = D8FC98A22CCCCD1A00134A44;
			remoteInfo = HelloGPT;
		};
		D8FC98C12CCCCD1B00134A44 /* PBXContainerItemProxy */ = {
			isa = PBXContainerItemProxy;
			containerPortal = D8FC989B2CCCCD1A00134A44 /* Project object */;
			proxyType = 1;
			remoteGlobalIDString = D8FC98A22CCCCD1A00134A44;
			remoteInfo = HelloGPT;
		};
/* End PBXContainerItemProxy section */

/* Begin PBXFileReference section */
		D8FC98A32CCCCD1A00134A44 /* Incognito Chat.app */ = {isa = PBXFileReference; explicitFileType = wrapper.application; includeInIndex = 0; path = "Incognito Chat.app"; sourceTree = BUILT_PRODUCTS_DIR; };
		D8FC98B62CCCCD1B00134A44 /* Incognito ChatTests.xctest */ = {isa = PBXFileReference; explicitFileType = wrapper.cfbundle; includeInIndex = 0; path = "Incognito ChatTests.xctest"; sourceTree = BUILT_PRODUCTS_DIR; };
		D8FC98C02CCCCD1B00134A44 /* Incognito ChatUITests.xctest */ = {isa = PBXFileReference; explicitFileType = wrapper.cfbundle; includeInIndex = 0; path = "Incognito ChatUITests.xctest"; sourceTree = BUILT_PRODUCTS_DIR; };
/* End PBXFileReference section */

/* Begin PBXFileSystemSynchronizedRootGroup section */
		D8FC98A52CCCCD1A00134A44 /* HelloGPT */ = {
			isa = PBXFileSystemSynchronizedRootGroup;
			path = HelloGPT;
			sourceTree = "<group>";
		};
		D8FC98B92CCCCD1B00134A44 /* HelloGPTTests */ = {
			isa = PBXFileSystemSynchronizedRootGroup;
			path = HelloGPTTests;
			sourceTree = "<group>";
		};
		D8FC98C32CCCCD1B00134A44 /* HelloGPTUITests */ = {
			isa = PBXFileSystemSynchronizedRootGroup;
			path = HelloGPTUITests;
			sourceTree = "<group>";
		};
/* End PBXFileSystemSynchronizedRootGroup section */

/* Begin PBXFrameworksBuildPhase section */
		D8FC98A02CCCCD1A00134A44 /* Frameworks */ = {
			isa = PBXFrameworksBuildPhase;
			buildActionMask = 2147483647;
			files = (
				D89B094F2CD66CBF009AFA62 /* HighlightSwift in Frameworks */,
				D88306882CCE112100E9BC20 /* MarkdownUI in Frameworks */,
				D88306962CCE333A00E9BC20 /* Splash in Frameworks */,
			);
			runOnlyForDeploymentPostprocessing = 0;
		};
		D8FC98B32CCCCD1B00134A44 /* Frameworks */ = {
			isa = PBXFrameworksBuildPhase;
			buildActionMask = 2147483647;
			files = (
			);
			runOnlyForDeploymentPostprocessing = 0;
		};
		D8FC98BD2CCCCD1B00134A44 /* Frameworks */ = {
			isa = PBXFrameworksBuildPhase;
			buildActionMask = 2147483647;
			files = (
			);
			runOnlyForDeploymentPostprocessing = 0;
		};
/* End PBXFrameworksBuildPhase section */

/* Begin PBXGroup section */
		D8FC989A2CCCCD1A00134A44 = {
			isa = PBXGroup;
			children = (
				D8FC98A52CCCCD1A00134A44 /* HelloGPT */,
				D8FC98B92CCCCD1B00134A44 /* HelloGPTTests */,
				D8FC98C32CCCCD1B00134A44 /* HelloGPTUITests */,
				D8FC98A42CCCCD1A00134A44 /* Products */,
			);
			sourceTree = "<group>";
		};
		D8FC98A42CCCCD1A00134A44 /* Products */ = {
			isa = PBXGroup;
			children = (
				D8FC98A32CCCCD1A00134A44 /* Incognito Chat.app */,
				D8FC98B62CCCCD1B00134A44 /* Incognito ChatTests.xctest */,
				D8FC98C02CCCCD1B00134A44 /* Incognito ChatUITests.xctest */,
			);
			name = Products;
			sourceTree = "<group>";
		};
/* End PBXGroup section */

/* Begin PBXNativeTarget section */
		D8FC98A22CCCCD1A00134A44 /* Incognito Chat */ = {
			isa = PBXNativeTarget;
			buildConfigurationList = D8FC98CA2CCCCD1B00134A44 /* Build configuration list for PBXNativeTarget "Incognito Chat" */;
			buildPhases = (
				D8FC989F2CCCCD1A00134A44 /* Sources */,
				D8FC98A02CCCCD1A00134A44 /* Frameworks */,
				D8FC98A12CCCCD1A00134A44 /* Resources */,
			);
			buildRules = (
			);
			dependencies = (
			);
			fileSystemSynchronizedGroups = (
				D8FC98A52CCCCD1A00134A44 /* HelloGPT */,
			);
			name = "Incognito Chat";
			packageProductDependencies = (
				D88306872CCE112100E9BC20 /* MarkdownUI */,
				D88306952CCE333A00E9BC20 /* Splash */,
				D89B094E2CD66CBF009AFA62 /* HighlightSwift */,
			);
			productName = HelloGPT;
			productReference = D8FC98A32CCCCD1A00134A44 /* Incognito Chat.app */;
			productType = "com.apple.product-type.application";
		};
		D8FC98B52CCCCD1B00134A44 /* Incognito ChatTests */ = {
			isa = PBXNativeTarget;
			buildConfigurationList = D8FC98CD2CCCCD1B00134A44 /* Build configuration list for PBXNativeTarget "Incognito ChatTests" */;
			buildPhases = (
				D8FC98B22CCCCD1B00134A44 /* Sources */,
				D8FC98B32CCCCD1B00134A44 /* Frameworks */,
				D8FC98B42CCCCD1B00134A44 /* Resources */,
			);
			buildRules = (
			);
			dependencies = (
				D8FC98B82CCCCD1B00134A44 /* PBXTargetDependency */,
			);
			fileSystemSynchronizedGroups = (
				D8FC98B92CCCCD1B00134A44 /* HelloGPTTests */,
			);
			name = "Incognito ChatTests";
			packageProductDependencies = (
			);
			productName = HelloGPTTests;
			productReference = D8FC98B62CCCCD1B00134A44 /* Incognito ChatTests.xctest */;
			productType = "com.apple.product-type.bundle.unit-test";
		};
		D8FC98BF2CCCCD1B00134A44 /* Incognito ChatUITests */ = {
			isa = PBXNativeTarget;
			buildConfigurationList = D8FC98D02CCCCD1B00134A44 /* Build configuration list for PBXNativeTarget "Incognito ChatUITests" */;
			buildPhases = (
				D8FC98BC2CCCCD1B00134A44 /* Sources */,
				D8FC98BD2CCCCD1B00134A44 /* Frameworks */,
				D8FC98BE2CCCCD1B00134A44 /* Resources */,
			);
			buildRules = (
			);
			dependencies = (
				D8FC98C22CCCCD1B00134A44 /* PBXTargetDependency */,
			);
			fileSystemSynchronizedGroups = (
				D8FC98C32CCCCD1B00134A44 /* HelloGPTUITests */,
			);
			name = "Incognito ChatUITests";
			packageProductDependencies = (
			);
			productName = HelloGPTUITests;
			productReference = D8FC98C02CCCCD1B00134A44 /* Incognito ChatUITests.xctest */;
			productType = "com.apple.product-type.bundle.ui-testing";
		};
/* End PBXNativeTarget section */

/* Begin PBXProject section */
		D8FC989B2CCCCD1A00134A44 /* Project object */ = {
			isa = PBXProject;
			attributes = {
				BuildIndependentTargetsInParallel = 1;
				LastSwiftUpdateCheck = 1600;
				LastUpgradeCheck = 1610;
				TargetAttributes = {
					D8FC98A22CCCCD1A00134A44 = {
						CreatedOnToolsVersion = 16.0;
					};
					D8FC98B52CCCCD1B00134A44 = {
						CreatedOnToolsVersion = 16.0;
						TestTargetID = D8FC98A22CCCCD1A00134A44;
					};
					D8FC98BF2CCCCD1B00134A44 = {
						CreatedOnToolsVersion = 16.0;
						TestTargetID = D8FC98A22CCCCD1A00134A44;
					};
				};
			};
			buildConfigurationList = D8FC989E2CCCCD1A00134A44 /* Build configuration list for PBXProject "Incognito Chat" */;
			developmentRegion = en;
			hasScannedForEncodings = 0;
			knownRegions = (
				en,
				Base,
			);
			mainGroup = D8FC989A2CCCCD1A00134A44;
			minimizedProjectReferenceProxies = 1;
			packageReferences = (
				D88306862CCE108F00E9BC20 /* XCRemoteSwiftPackageReference "swift-markdown-ui" */,
				D88306942CCE333A00E9BC20 /* XCRemoteSwiftPackageReference "Splash" */,
				D89B094D2CD66CBF009AFA62 /* XCRemoteSwiftPackageReference "HighlightSwift" */,
			);
			preferredProjectObjectVersion = 77;
			productRefGroup = D8FC98A42CCCCD1A00134A44 /* Products */;
			projectDirPath = "";
			projectRoot = "";
			targets = (
				D8FC98A22CCCCD1A00134A44 /* Incognito Chat */,
				D8FC98B52CCCCD1B00134A44 /* Incognito ChatTests */,
				D8FC98BF2CCCCD1B00134A44 /* Incognito ChatUITests */,
			);
		};
/* End PBXProject section */

/* Begin PBXResourcesBuildPhase section */
		D8FC98A12CCCCD1A00134A44 /* Resources */ = {
			isa = PBXResourcesBuildPhase;
			buildActionMask = 2147483647;
			files = (
			);
			runOnlyForDeploymentPostprocessing = 0;
		};
		D8FC98B42CCCCD1B00134A44 /* Resources */ = {
			isa = PBXResourcesBuildPhase;
			buildActionMask = 2147483647;
			files = (
			);
			runOnlyForDeploymentPostprocessing = 0;
		};
		D8FC98BE2CCCCD1B00134A44 /* Resources */ = {
			isa = PBXResourcesBuildPhase;
			buildActionMask = 2147483647;
			files = (
			);
			runOnlyForDeploymentPostprocessing = 0;
		};
/* End PBXResourcesBuildPhase section */

/* Begin PBXSourcesBuildPhase section */
		D8FC989F2CCCCD1A00134A44 /* Sources */ = {
			isa = PBXSourcesBuildPhase;
			buildActionMask = 2147483647;
			files = (
			);
			runOnlyForDeploymentPostprocessing = 0;
		};
		D8FC98B22CCCCD1B00134A44 /* Sources */ = {
			isa = PBXSourcesBuildPhase;
			buildActionMask = 2147483647;
			files = (
			);
			runOnlyForDeploymentPostprocessing = 0;
		};
		D8FC98BC2CCCCD1B00134A44 /* Sources */ = {
			isa = PBXSourcesBuildPhase;
			buildActionMask = 2147483647;
			files = (
			);
			runOnlyForDeploymentPostprocessing = 0;
		};
/* End PBXSourcesBuildPhase section */

/* Begin PBXTargetDependency section */
		D8FC98B82CCCCD1B00134A44 /* PBXTargetDependency */ = {
			isa = PBXTargetDependency;
			target = D8FC98A22CCCCD1A00134A44 /* Incognito Chat */;
			targetProxy = D8FC98B72CCCCD1B00134A44 /* PBXContainerItemProxy */;
		};
		D8FC98C22CCCCD1B00134A44 /* PBXTargetDependency */ = {
			isa = PBXTargetDependency;
			target = D8FC98A22CCCCD1A00134A44 /* Incognito Chat */;
			targetProxy = D8FC98C12CCCCD1B00134A44 /* PBXContainerItemProxy */;
		};
/* End PBXTargetDependency section */

/* Begin XCBuildConfiguration section */
		D8FC98C82CCCCD1B00134A44 /* Debug */ = {
			isa = XCBuildConfiguration;
			buildSettings = {
				ALWAYS_SEARCH_USER_PATHS = NO;
				ASSETCATALOG_COMPILER_GENERATE_SWIFT_ASSET_SYMBOL_EXTENSIONS = YES;
				CLANG_ANALYZER_NONNULL = YES;
				CLANG_ANALYZER_NUMBER_OBJECT_CONVERSION = YES_AGGRESSIVE;
				CLANG_CXX_LANGUAGE_STANDARD = "gnu++20";
				CLANG_ENABLE_MODULES = YES;
				CLANG_ENABLE_OBJC_ARC = YES;
				CLANG_ENABLE_OBJC_WEAK = YES;
				CLANG_WARN_BLOCK_CAPTURE_AUTORELEASING = YES;
				CLANG_WARN_BOOL_CONVERSION = YES;
				CLANG_WARN_COMMA = YES;
				CLANG_WARN_CONSTANT_CONVERSION = YES;
				CLANG_WARN_DEPRECATED_OBJC_IMPLEMENTATIONS = YES;
				CLANG_WARN_DIRECT_OBJC_ISA_USAGE = YES_ERROR;
				CLANG_WARN_DOCUMENTATION_COMMENTS = YES;
				CLANG_WARN_EMPTY_BODY = YES;
				CLANG_WARN_ENUM_CONVERSION = YES;
				CLANG_WARN_INFINITE_RECURSION = YES;
				CLANG_WARN_INT_CONVERSION = YES;
				CLANG_WARN_NON_LITERAL_NULL_CONVERSION = YES;
				CLANG_WARN_OBJC_IMPLICIT_RETAIN_SELF = YES;
				CLANG_WARN_OBJC_LITERAL_CONVERSION = YES;
				CLANG_WARN_OBJC_ROOT_CLASS = YES_ERROR;
				CLANG_WARN_QUOTED_INCLUDE_IN_FRAMEWORK_HEADER = YES;
				CLANG_WARN_RANGE_LOOP_ANALYSIS = YES;
				CLANG_WARN_STRICT_PROTOTYPES = YES;
				CLANG_WARN_SUSPICIOUS_MOVE = YES;
				CLANG_WARN_UNGUARDED_AVAILABILITY = YES_AGGRESSIVE;
				CLANG_WARN_UNREACHABLE_CODE = YES;
				CLANG_WARN__DUPLICATE_METHOD_MATCH = YES;
				COPY_PHASE_STRIP = NO;
				DEAD_CODE_STRIPPING = YES;
				DEBUG_INFORMATION_FORMAT = dwarf;
				ENABLE_STRICT_OBJC_MSGSEND = YES;
				ENABLE_TESTABILITY = YES;
				ENABLE_USER_SCRIPT_SANDBOXING = YES;
				GCC_C_LANGUAGE_STANDARD = gnu17;
				GCC_DYNAMIC_NO_PIC = NO;
				GCC_NO_COMMON_BLOCKS = YES;
				GCC_OPTIMIZATION_LEVEL = 0;
				GCC_PREPROCESSOR_DEFINITIONS = (
					"DEBUG=1",
					"$(inherited)",
				);
				GCC_WARN_64_TO_32_BIT_CONVERSION = YES;
				GCC_WARN_ABOUT_RETURN_TYPE = YES_ERROR;
				GCC_WARN_UNDECLARED_SELECTOR = YES;
				GCC_WARN_UNINITIALIZED_AUTOS = YES_AGGRESSIVE;
				GCC_WARN_UNUSED_FUNCTION = YES;
				GCC_WARN_UNUSED_VARIABLE = YES;
				LOCALIZATION_PREFERS_STRING_CATALOGS = YES;
				MTL_ENABLE_DEBUG_INFO = INCLUDE_SOURCE;
				MTL_FAST_MATH = YES;
				ONLY_ACTIVE_ARCH = YES;
				SWIFT_ACTIVE_COMPILATION_CONDITIONS = "DEBUG $(inherited)";
				SWIFT_OPTIMIZATION_LEVEL = "-Onone";
			};
			name = Debug;
		};
		D8FC98C92CCCCD1B00134A44 /* Release */ = {
			isa = XCBuildConfiguration;
			buildSettings = {
				ALWAYS_SEARCH_USER_PATHS = NO;
				ASSETCATALOG_COMPILER_GENERATE_SWIFT_ASSET_SYMBOL_EXTENSIONS = YES;
				CLANG_ANALYZER_NONNULL = YES;
				CLANG_ANALYZER_NUMBER_OBJECT_CONVERSION = YES_AGGRESSIVE;
				CLANG_CXX_LANGUAGE_STANDARD = "gnu++20";
				CLANG_ENABLE_MODULES = YES;
				CLANG_ENABLE_OBJC_ARC = YES;
				CLANG_ENABLE_OBJC_WEAK = YES;
				CLANG_WARN_BLOCK_CAPTURE_AUTORELEASING = YES;
				CLANG_WARN_BOOL_CONVERSION = YES;
				CLANG_WARN_COMMA = YES;
				CLANG_WARN_CONSTANT_CONVERSION = YES;
				CLANG_WARN_DEPRECATED_OBJC_IMPLEMENTATIONS = YES;
				CLANG_WARN_DIRECT_OBJC_ISA_USAGE = YES_ERROR;
				CLANG_WARN_DOCUMENTATION_COMMENTS = YES;
				CLANG_WARN_EMPTY_BODY = YES;
				CLANG_WARN_ENUM_CONVERSION = YES;
				CLANG_WARN_INFINITE_RECURSION = YES;
				CLANG_WARN_INT_CONVERSION = YES;
				CLANG_WARN_NON_LITERAL_NULL_CONVERSION = YES;
				CLANG_WARN_OBJC_IMPLICIT_RETAIN_SELF = YES;
				CLANG_WARN_OBJC_LITERAL_CONVERSION = YES;
				CLANG_WARN_OBJC_ROOT_CLASS = YES_ERROR;
				CLANG_WARN_QUOTED_INCLUDE_IN_FRAMEWORK_HEADER = YES;
				CLANG_WARN_RANGE_LOOP_ANALYSIS = YES;
				CLANG_WARN_STRICT_PROTOTYPES = YES;
				CLANG_WARN_SUSPICIOUS_MOVE = YES;
				CLANG_WARN_UNGUARDED_AVAILABILITY = YES_AGGRESSIVE;
				CLANG_WARN_UNREACHABLE_CODE = YES;
				CLANG_WARN__DUPLICATE_METHOD_MATCH = YES;
				COPY_PHASE_STRIP = NO;
				DEAD_CODE_STRIPPING = YES;
				DEBUG_INFORMATION_FORMAT = "dwarf-with-dsym";
				ENABLE_NS_ASSERTIONS = NO;
				ENABLE_STRICT_OBJC_MSGSEND = YES;
				ENABLE_USER_SCRIPT_SANDBOXING = YES;
				GCC_C_LANGUAGE_STANDARD = gnu17;
				GCC_NO_COMMON_BLOCKS = YES;
				GCC_WARN_64_TO_32_BIT_CONVERSION = YES;
				GCC_WARN_ABOUT_RETURN_TYPE = YES_ERROR;
				GCC_WARN_UNDECLARED_SELECTOR = YES;
				GCC_WARN_UNINITIALIZED_AUTOS = YES_AGGRESSIVE;
				GCC_WARN_UNUSED_FUNCTION = YES;
				GCC_WARN_UNUSED_VARIABLE = YES;
				LOCALIZATION_PREFERS_STRING_CATALOGS = YES;
				MTL_ENABLE_DEBUG_INFO = NO;
				MTL_FAST_MATH = YES;
				SWIFT_COMPILATION_MODE = wholemodule;
			};
			name = Release;
		};
		D8FC98CB2CCCCD1B00134A44 /* Debug */ = {
			isa = XCBuildConfiguration;
			buildSettings = {
				ASSETCATALOG_COMPILER_APPICON_NAME = AppIcon;
				ASSETCATALOG_COMPILER_GLOBAL_ACCENT_COLOR_NAME = AccentColor;
				CODE_SIGN_ENTITLEMENTS = HelloGPT/HelloGPT.entitlements;
				CODE_SIGN_STYLE = Automatic;
				CURRENT_PROJECT_VERSION = 1;
				DEAD_CODE_STRIPPING = YES;
				DEVELOPMENT_ASSET_PATHS = "\"HelloGPT/Preview Content\"";
				DEVELOPMENT_TEAM = 23858T92MR;
				ENABLE_HARDENED_RUNTIME = YES;
				ENABLE_PREVIEWS = YES;
				GENERATE_INFOPLIST_FILE = YES;
				"INFOPLIST_KEY_UIApplicationSceneManifest_Generation[sdk=iphoneos*]" = YES;
				"INFOPLIST_KEY_UIApplicationSceneManifest_Generation[sdk=iphonesimulator*]" = YES;
				"INFOPLIST_KEY_UIApplicationSupportsIndirectInputEvents[sdk=iphoneos*]" = YES;
				"INFOPLIST_KEY_UIApplicationSupportsIndirectInputEvents[sdk=iphonesimulator*]" = YES;
				"INFOPLIST_KEY_UILaunchScreen_Generation[sdk=iphoneos*]" = YES;
				"INFOPLIST_KEY_UILaunchScreen_Generation[sdk=iphonesimulator*]" = YES;
				"INFOPLIST_KEY_UIStatusBarStyle[sdk=iphoneos*]" = UIStatusBarStyleDefault;
				"INFOPLIST_KEY_UIStatusBarStyle[sdk=iphonesimulator*]" = UIStatusBarStyleDefault;
				INFOPLIST_KEY_UISupportedInterfaceOrientations_iPad = "UIInterfaceOrientationPortrait UIInterfaceOrientationPortraitUpsideDown UIInterfaceOrientationLandscapeLeft UIInterfaceOrientationLandscapeRight";
				INFOPLIST_KEY_UISupportedInterfaceOrientations_iPhone = "UIInterfaceOrientationPortrait UIInterfaceOrientationLandscapeLeft UIInterfaceOrientationLandscapeRight";
				IPHONEOS_DEPLOYMENT_TARGET = 18.0;
				LD_RUNPATH_SEARCH_PATHS = "@executable_path/Frameworks";
				"LD_RUNPATH_SEARCH_PATHS[sdk=macosx*]" = "@executable_path/../Frameworks";
				MACOSX_DEPLOYMENT_TARGET = 14.0;
				MARKETING_VERSION = 1.0;
				PRODUCT_BUNDLE_IDENTIFIER = com.suryaabhinav.HelloGPT;
				PRODUCT_NAME = "$(TARGET_NAME)";
				SDKROOT = auto;
				SUPPORTED_PLATFORMS = "iphoneos iphonesimulator macosx xros xrsimulator";
				SWIFT_EMIT_LOC_STRINGS = YES;
				SWIFT_VERSION = 5.0;
				TARGETED_DEVICE_FAMILY = "1,2,7";
				XROS_DEPLOYMENT_TARGET = 2.0;
			};
			name = Debug;
		};
		D8FC98CC2CCCCD1B00134A44 /* Release */ = {
			isa = XCBuildConfiguration;
			buildSettings = {
				ASSETCATALOG_COMPILER_APPICON_NAME = AppIcon;
				ASSETCATALOG_COMPILER_GLOBAL_ACCENT_COLOR_NAME = AccentColor;
				CODE_SIGN_ENTITLEMENTS = HelloGPT/HelloGPT.entitlements;
				CODE_SIGN_STYLE = Automatic;
				CURRENT_PROJECT_VERSION = 1;
				DEAD_CODE_STRIPPING = YES;
				DEVELOPMENT_ASSET_PATHS = "\"HelloGPT/Preview Content\"";
				DEVELOPMENT_TEAM = 23858T92MR;
				ENABLE_HARDENED_RUNTIME = YES;
				ENABLE_PREVIEWS = YES;
				GENERATE_INFOPLIST_FILE = YES;
				"INFOPLIST_KEY_UIApplicationSceneManifest_Generation[sdk=iphoneos*]" = YES;
				"INFOPLIST_KEY_UIApplicationSceneManifest_Generation[sdk=iphonesimulator*]" = YES;
				"INFOPLIST_KEY_UIApplicationSupportsIndirectInputEvents[sdk=iphoneos*]" = YES;
				"INFOPLIST_KEY_UIApplicationSupportsIndirectInputEvents[sdk=iphonesimulator*]" = YES;
				"INFOPLIST_KEY_UILaunchScreen_Generation[sdk=iphoneos*]" = YES;
				"INFOPLIST_KEY_UILaunchScreen_Generation[sdk=iphonesimulator*]" = YES;
				"INFOPLIST_KEY_UIStatusBarStyle[sdk=iphoneos*]" = UIStatusBarStyleDefault;
				"INFOPLIST_KEY_UIStatusBarStyle[sdk=iphonesimulator*]" = UIStatusBarStyleDefault;
				INFOPLIST_KEY_UISupportedInterfaceOrientations_iPad = "UIInterfaceOrientationPortrait UIInterfaceOrientationPortraitUpsideDown UIInterfaceOrientationLandscapeLeft UIInterfaceOrientationLandscapeRight";
				INFOPLIST_KEY_UISupportedInterfaceOrientations_iPhone = "UIInterfaceOrientationPortrait UIInterfaceOrientationLandscapeLeft UIInterfaceOrientationLandscapeRight";
				IPHONEOS_DEPLOYMENT_TARGET = 18.0;
				LD_RUNPATH_SEARCH_PATHS = "@executable_path/Frameworks";
				"LD_RUNPATH_SEARCH_PATHS[sdk=macosx*]" = "@executable_path/../Frameworks";
				MACOSX_DEPLOYMENT_TARGET = 14.0;
				MARKETING_VERSION = 1.0;
				PRODUCT_BUNDLE_IDENTIFIER = com.suryaabhinav.HelloGPT;
				PRODUCT_NAME = "$(TARGET_NAME)";
				SDKROOT = auto;
				SUPPORTED_PLATFORMS = "iphoneos iphonesimulator macosx xros xrsimulator";
				SWIFT_EMIT_LOC_STRINGS = YES;
				SWIFT_VERSION = 5.0;
				TARGETED_DEVICE_FAMILY = "1,2,7";
				XROS_DEPLOYMENT_TARGET = 2.0;
			};
			name = Release;
		};
		D8FC98CE2CCCCD1B00134A44 /* Debug */ = {
			isa = XCBuildConfiguration;
			buildSettings = {
				BUNDLE_LOADER = "$(TEST_HOST)";
				CODE_SIGN_STYLE = Automatic;
				CURRENT_PROJECT_VERSION = 1;
				DEAD_CODE_STRIPPING = YES;
				DEVELOPMENT_TEAM = 23858T92MR;
				GENERATE_INFOPLIST_FILE = YES;
				IPHONEOS_DEPLOYMENT_TARGET = 18.0;
				MACOSX_DEPLOYMENT_TARGET = 15.0;
				MARKETING_VERSION = 1.0;
				PRODUCT_BUNDLE_IDENTIFIER = com.suryaabhinav.HelloGPTTests;
				PRODUCT_NAME = "$(TARGET_NAME)";
				SDKROOT = auto;
				SUPPORTED_PLATFORMS = "iphoneos iphonesimulator macosx xros xrsimulator";
				SWIFT_EMIT_LOC_STRINGS = NO;
				SWIFT_VERSION = 5.0;
				TARGETED_DEVICE_FAMILY = "1,2,7";
				TEST_HOST = "$(BUILT_PRODUCTS_DIR)/Incognito Chat.app/$(BUNDLE_EXECUTABLE_FOLDER_PATH)/Incognito Chat";
				XROS_DEPLOYMENT_TARGET = 2.0;
			};
			name = Debug;
		};
		D8FC98CF2CCCCD1B00134A44 /* Release */ = {
			isa = XCBuildConfiguration;
			buildSettings = {
				BUNDLE_LOADER = "$(TEST_HOST)";
				CODE_SIGN_STYLE = Automatic;
				CURRENT_PROJECT_VERSION = 1;
				DEAD_CODE_STRIPPING = YES;
				DEVELOPMENT_TEAM = 23858T92MR;
				GENERATE_INFOPLIST_FILE = YES;
				IPHONEOS_DEPLOYMENT_TARGET = 18.0;
				MACOSX_DEPLOYMENT_TARGET = 15.0;
				MARKETING_VERSION = 1.0;
				PRODUCT_BUNDLE_IDENTIFIER = com.suryaabhinav.HelloGPTTests;
				PRODUCT_NAME = "$(TARGET_NAME)";
				SDKROOT = auto;
				SUPPORTED_PLATFORMS = "iphoneos iphonesimulator macosx xros xrsimulator";
				SWIFT_EMIT_LOC_STRINGS = NO;
				SWIFT_VERSION = 5.0;
				TARGETED_DEVICE_FAMILY = "1,2,7";
				TEST_HOST = "$(BUILT_PRODUCTS_DIR)/Incognito Chat.app/$(BUNDLE_EXECUTABLE_FOLDER_PATH)/Incognito Chat";
				XROS_DEPLOYMENT_TARGET = 2.0;
			};
			name = Release;
		};
		D8FC98D12CCCCD1B00134A44 /* Debug */ = {
			isa = XCBuildConfiguration;
			buildSettings = {
				CODE_SIGN_STYLE = Automatic;
				CURRENT_PROJECT_VERSION = 1;
				DEAD_CODE_STRIPPING = YES;
				DEVELOPMENT_TEAM = 23858T92MR;
				GENERATE_INFOPLIST_FILE = YES;
				IPHONEOS_DEPLOYMENT_TARGET = 18.0;
				MACOSX_DEPLOYMENT_TARGET = 15.0;
				MARKETING_VERSION = 1.0;
				PRODUCT_BUNDLE_IDENTIFIER = com.suryaabhinav.HelloGPTUITests;
				PRODUCT_NAME = "$(TARGET_NAME)";
				SDKROOT = auto;
				SUPPORTED_PLATFORMS = "iphoneos iphonesimulator macosx xros xrsimulator";
				SWIFT_EMIT_LOC_STRINGS = NO;
				SWIFT_VERSION = 5.0;
				TARGETED_DEVICE_FAMILY = "1,2,7";
				TEST_TARGET_NAME = HelloGPT;
				XROS_DEPLOYMENT_TARGET = 2.0;
			};
			name = Debug;
		};
		D8FC98D22CCCCD1B00134A44 /* Release */ = {
			isa = XCBuildConfiguration;
			buildSettings = {
				CODE_SIGN_STYLE = Automatic;
				CURRENT_PROJECT_VERSION = 1;
				DEAD_CODE_STRIPPING = YES;
				DEVELOPMENT_TEAM = 23858T92MR;
				GENERATE_INFOPLIST_FILE = YES;
				IPHONEOS_DEPLOYMENT_TARGET = 18.0;
				MACOSX_DEPLOYMENT_TARGET = 15.0;
				MARKETING_VERSION = 1.0;
				PRODUCT_BUNDLE_IDENTIFIER = com.suryaabhinav.HelloGPTUITests;
				PRODUCT_NAME = "$(TARGET_NAME)";
				SDKROOT = auto;
				SUPPORTED_PLATFORMS = "iphoneos iphonesimulator macosx xros xrsimulator";
				SWIFT_EMIT_LOC_STRINGS = NO;
				SWIFT_VERSION = 5.0;
				TARGETED_DEVICE_FAMILY = "1,2,7";
				TEST_TARGET_NAME = HelloGPT;
				XROS_DEPLOYMENT_TARGET = 2.0;
			};
			name = Release;
		};
/* End XCBuildConfiguration section */

/* Begin XCConfigurationList section */
		D8FC989E2CCCCD1A00134A44 /* Build configuration list for PBXProject "Incognito Chat" */ = {
			isa = XCConfigurationList;
			buildConfigurations = (
				D8FC98C82CCCCD1B00134A44 /* Debug */,
				D8FC98C92CCCCD1B00134A44 /* Release */,
			);
			defaultConfigurationIsVisible = 0;
			defaultConfigurationName = Release;
		};
		D8FC98CA2CCCCD1B00134A44 /* Build configuration list for PBXNativeTarget "Incognito Chat" */ = {
			isa = XCConfigurationList;
			buildConfigurations = (
				D8FC98CB2CCCCD1B00134A44 /* Debug */,
				D8FC98CC2CCCCD1B00134A44 /* Release */,
			);
			defaultConfigurationIsVisible = 0;
			defaultConfigurationName = Release;
		};
		D8FC98CD2CCCCD1B00134A44 /* Build configuration list for PBXNativeTarget "Incognito ChatTests" */ = {
			isa = XCConfigurationList;
			buildConfigurations = (
				D8FC98CE2CCCCD1B00134A44 /* Debug */,
				D8FC98CF2CCCCD1B00134A44 /* Release */,
			);
			defaultConfigurationIsVisible = 0;
			defaultConfigurationName = Release;
		};
		D8FC98D02CCCCD1B00134A44 /* Build configuration list for PBXNativeTarget "Incognito ChatUITests" */ = {
			isa = XCConfigurationList;
			buildConfigurations = (
				D8FC98D12CCCCD1B00134A44 /* Debug */,
				D8FC98D22CCCCD1B00134A44 /* Release */,
			);
			defaultConfigurationIsVisible = 0;
			defaultConfigurationName = Release;
		};
/* End XCConfigurationList section */

/* Begin XCRemoteSwiftPackageReference section */
		D88306862CCE108F00E9BC20 /* XCRemoteSwiftPackageReference "swift-markdown-ui" */ = {
			isa = XCRemoteSwiftPackageReference;
			repositoryURL = "https://github.com/gonzalezreal/swift-markdown-ui.git";
			requirement = {
				kind = upToNextMajorVersion;
				minimumVersion = 2.4.1;
			};
		};
		D88306942CCE333A00E9BC20 /* XCRemoteSwiftPackageReference "Splash" */ = {
			isa = XCRemoteSwiftPackageReference;
			repositoryURL = "https://github.com/JohnSundell/Splash.git";
			requirement = {
				kind = upToNextMajorVersion;
				minimumVersion = 0.16.0;
			};
		};
		D89B094D2CD66CBF009AFA62 /* XCRemoteSwiftPackageReference "HighlightSwift" */ = {
			isa = XCRemoteSwiftPackageReference;
			repositoryURL = "https://github.com/appstefan/HighlightSwift.git";
			requirement = {
				kind = upToNextMajorVersion;
				minimumVersion = 1.0.9;
			};
		};
/* End XCRemoteSwiftPackageReference section */

/* Begin XCSwiftPackageProductDependency section */
		D88306872CCE112100E9BC20 /* MarkdownUI */ = {
			isa = XCSwiftPackageProductDependency;
			package = D88306862CCE108F00E9BC20 /* XCRemoteSwiftPackageReference "swift-markdown-ui" */;
			productName = MarkdownUI;
		};
		D88306952CCE333A00E9BC20 /* Splash */ = {
			isa = XCSwiftPackageProductDependency;
			package = D88306942CCE333A00E9BC20 /* XCRemoteSwiftPackageReference "Splash" */;
			productName = Splash;
		};
		D89B094E2CD66CBF009AFA62 /* HighlightSwift */ = {
			isa = XCSwiftPackageProductDependency;
			package = D89B094D2CD66CBF009AFA62 /* XCRemoteSwiftPackageReference "HighlightSwift" */;
			productName = HighlightSwift;
		};
/* End XCSwiftPackageProductDependency section */
	};
	rootObject = D8FC989B2CCCCD1A00134A44 /* Project object */;
}
